{
	"name": "Poppy-DE",
	"requires": true,
	"lockfileVersion": 1,
	"dependencies": {
		"ast-types": {
			"version": "0.14.2",
			"resolved": "https://registry.npmjs.org/ast-types/-/ast-types-0.14.2.tgz",
			"integrity": "sha512-O0yuUDnZeQDL+ncNGlJ78BiO4jnYI3bvMsD5prT0/nsgijG/LpNBIr63gTjVTNsiGkgQhiyCShTgxt8oXOrklA==",
			"requires": {
				"tslib": "^2.0.1"
			}
		},
		"esprima": {
			"version": "4.0.1",
			"resolved": "https://registry.npmjs.org/esprima/-/esprima-4.0.1.tgz",
			"integrity": "sha512-eGuFFw7Upda+g4p+QHvnW0RyTX/SVeJBDM/gCtMARO0cLuT2HcEKnTPvhjV6aGeqrCB/sbNop0Kszm0jsaWU4A=="
		},
		"fast-xml-parser": {
			"version": "3.21.1",
			"resolved": "https://registry.npmjs.org/fast-xml-parser/-/fast-xml-parser-3.21.1.tgz",
			"integrity": "sha512-FTFVjYoBOZTJekiUsawGsSYV9QL0A+zDYCRj7y34IO6Jg+2IMYEtQa+bbictpdpV8dHxXywqU7C0gRDEOFtBFg==",
			"requires": {
				"strnum": "^1.0.4"
			}
		},
		"flow-parser": {
			"version": "0.158.0",
			"resolved": "https://registry.npmjs.org/flow-parser/-/flow-parser-0.158.0.tgz",
			"integrity": "sha512-0hMsPkBTRrkII/0YiG9ehOxFXy4gOWdk8RSRze5WbfeKAQpL5kC2K4BmumyTfU9o5gr7/llgElF3UpSSrjzQAA=="
		},
		"recast": {
			"version": "0.20.5",
			"resolved": "https://registry.npmjs.org/recast/-/recast-0.20.5.tgz",
			"integrity": "sha512-E5qICoPoNL4yU0H0NoBDntNB0Q5oMSNh9usFctYniLBluTthi3RsQVBXIJNbApOlvSwW/RGxIuokPcAc59J5fQ==",
			"requires": {
				"ast-types": "0.14.2",
				"esprima": "~4.0.0",
				"source-map": "~0.6.1",
				"tslib": "^2.0.1"
			}
		},
		"source-map": {
			"version": "0.6.1",
			"resolved": "https://registry.npmjs.org/source-map/-/source-map-0.6.1.tgz",
			"integrity": "sha512-UjgapumWlbMhkBgzT7Ykc5YXUT46F0iKu8SGXq0bcwP5dz/h0Plj6enJqjz1Zbq2l5WaqYnrVbwWOWMyF3F47g=="
		},
		"strnum": {
			"version": "1.0.4",
			"resolved": "https://registry.npmjs.org/strnum/-/strnum-1.0.4.tgz",
			"integrity": "sha512-lMzNMfDpaQOLt4B2mEbfzYS0+T7dvCXeojnlGf6f1AygvWDMcWyXYaLbyICfjVu29sErR8fnRagQfBW/N/hGgw=="
		},
		"tslib": {
			"version": "2.3.1",
			"resolved": "https://registry.npmjs.org/tslib/-/tslib-2.3.1.tgz",
			"integrity": "sha512-77EbyPPpMz+FRFRuAFlWMtmgUWGe9UOG2Z25NqCwiIjRhOf5iKGuzSe5P2w1laq+FkRy4p+PCuVkJSGkzTEKVw=="
		}
	}
}
